
Microsoft Visual Studio Solution File, Format Version 12.00
# Visual Studio 15
VisualStudioVersion = 15.0.26124.0
MinimumVisualStudioVersion = 15.0.26124.0
Project("{F2A71F9B-5D33-465A-A702-920D77279786}") = "FsSodium", "src\FsSodium\FsSodium.fsproj", "{1A21CE7C-CD37-40CF-AA0D-909CE3BA7C38}"
EndProject
Project("{F2A71F9B-5D33-465A-A702-920D77279786}") = "FsSodium.Tests", "tests\FsSodium.Tests\FsSodium.Tests.fsproj", "{CA200551-391C-412E-A8CE-CAA2B816D319}"
EndProject
Project("{2150E333-8FDC-42A3-9474-1A3956D46DE8}") = "Solution Items", "Solution Items", "{CF9B5FAB-A0E5-448B-8A7A-D12D2DD1EEC4}"
	ProjectSection(SolutionItems) = preProject
		.editorconfig = .editorconfig
		.gitattributes = .gitattributes
		.gitignore = .gitignore
		global.json = global.json
		paket.dependencies = paket.dependencies
		paket.lock = paket.lock
		RELEASE_NOTES.md = RELEASE_NOTES.md
		.config\dotnet-tools.json = .config\dotnet-tools.json
		src\GitInfo.txt = src\GitInfo.txt
	EndProjectSection
EndProject
Global
	GlobalSection(SolutionConfigurationPlatforms) = preSolution
		Debug|Any CPU = Debug|Any CPU
		Debug|x64 = Debug|x64
		Debug|x86 = Debug|x86
		Release|Any CPU = Release|Any CPU
		Release|x64 = Release|x64
		Release|x86 = Release|x86
	EndGlobalSection
	GlobalSection(SolutionProperties) = preSolution
		HideSolutionNode = FALSE
	EndGlobalSection
	GlobalSection(ProjectConfigurationPlatforms) = postSolution
		{1A21CE7C-CD37-40CF-AA0D-909CE3BA7C38}.Debug|Any CPU.ActiveCfg = Debug|Any CPU
		{1A21CE7C-CD37-40CF-AA0D-909CE3BA7C38}.Debug|Any CPU.Build.0 = Debug|Any CPU
		{1A21CE7C-CD37-40CF-AA0D-909CE3BA7C38}.Debug|x64.ActiveCfg = Debug|Any CPU
		{1A21CE7C-CD37-40CF-AA0D-909CE3BA7C38}.Debug|x64.Build.0 = Debug|Any CPU
		{1A21CE7C-CD37-40CF-AA0D-909CE3BA7C38}.Debug|x86.ActiveCfg = Debug|Any CPU
		{1A21CE7C-CD37-40CF-AA0D-909CE3BA7C38}.Debug|x86.Build.0 = Debug|Any CPU
		{1A21CE7C-CD37-40CF-AA0D-909CE3BA7C38}.Release|Any CPU.ActiveCfg = Release|Any CPU
		{1A21CE7C-CD37-40CF-AA0D-909CE3BA7C38}.Release|Any CPU.Build.0 = Release|Any CPU
		{1A21CE7C-CD37-40CF-AA0D-909CE3BA7C38}.Release|x64.ActiveCfg = Release|Any CPU
		{1A21CE7C-CD37-40CF-AA0D-909CE3BA7C38}.Release|x64.Build.0 = Release|Any CPU
		{1A21CE7C-CD37-40CF-AA0D-909CE3BA7C38}.Release|x86.ActiveCfg = Release|Any CPU
		{1A21CE7C-CD37-40CF-AA0D-909CE3BA7C38}.Release|x86.Build.0 = Release|Any CPU
		{CA200551-391C-412E-A8CE-CAA2B816D319}.Debug|Any CPU.ActiveCfg = Debug|Any CPU
		{CA200551-391C-412E-A8CE-CAA2B816D319}.Debug|Any CPU.Build.0 = Debug|Any CPU
		{CA200551-391C-412E-A8CE-CAA2B816D319}.Debug|x64.ActiveCfg = Debug|Any CPU
		{CA200551-391C-412E-A8CE-CAA2B816D319}.Debug|x64.Build.0 = Debug|Any CPU
		{CA200551-391C-412E-A8CE-CAA2B816D319}.Debug|x86.ActiveCfg = Debug|Any CPU
		{CA200551-391C-412E-A8CE-CAA2B816D319}.Debug|x86.Build.0 = Debug|Any CPU
		{CA200551-391C-412E-A8CE-CAA2B816D319}.Release|Any CPU.ActiveCfg = Release|Any CPU
		{CA200551-391C-412E-A8CE-CAA2B816D319}.Release|Any CPU.Build.0 = Release|Any CPU
		{CA200551-391C-412E-A8CE-CAA2B816D319}.Release|x64.ActiveCfg = Release|Any CPU
		{CA200551-391C-412E-A8CE-CAA2B816D319}.Release|x64.Build.0 = Release|Any CPU
		{CA200551-391C-412E-A8CE-CAA2B816D319}.Release|x86.ActiveCfg = Release|Any CPU
		{CA200551-391C-412E-A8CE-CAA2B816D319}.Release|x86.Build.0 = Release|Any CPU
	EndGlobalSection
	GlobalSection(NestedProjects) = preSolution
	EndGlobalSection
EndGlobal
